
Microsoft Visual Studio Solution File, Format Version 12.00
# Visual Studio Version 17
VisualStudioVersion = 17.3.32811.315
MinimumVisualStudioVersion = 10.0.40219.1
Project("{FAE04EC0-301F-11D3-BF4B-00C04F79EFBC}") = "WebAPIWorkSearch", "WebAPIWorkSearch\WebAPIWorkSearch.csproj", "{9BB94025-A874-4793-A386-CE3F11986009}"
EndProject
Global
	GlobalSection(SolutionConfigurationPlatforms) = preSolution
		Debug|Any CPU = Debug|Any CPU
		Release|Any CPU = Release|Any CPU
	EndGlobalSection
	GlobalSection(ProjectConfigurationPlatforms) = postSolution
		{9BB94025-A874-4793-A386-CE3F11986009}.Debug|Any CPU.ActiveCfg = Debug|Any CPU
		{9BB94025-A874-4793-A386-CE3F11986009}.Debug|Any CPU.Build.0 = Debug|Any CPU
		{9BB94025-A874-4793-A386-CE3F11986009}.Release|Any CPU.ActiveCfg = Release|Any CPU
		{9BB94025-A874-4793-A386-CE3F11986009}.Release|Any CPU.Build.0 = Release|Any CPU
	EndGlobalSection
	GlobalSection(SolutionProperties) = preSolution
		HideSolutionNode = FALSE
	EndGlobalSection
	GlobalSection(ExtensibilityGlobals) = postSolution
		SolutionGuid = {FE4C102C-EBA1-42AF-BA0F-42431915FFC4}
	EndGlobalSection
EndGlobal
